
Microsoft Visual Studio Solution File, Format Version 12.00
# Visual Studio Version 17
VisualStudioVersion = 17.1.32210.238
MinimumVisualStudioVersion = 10.0.40219.1
Project("{FAE04EC0-301F-11D3-BF4B-00C04F79EFBC}") = "Semester 3", "Semester 3\Semester 3.csproj", "{82959DD8-3043-4555-88CD-803669510415}"
EndProject
Global
	GlobalSection(SolutionConfigurationPlatforms) = preSolution
		Debug|Any CPU = Debug|Any CPU
		Release|Any CPU = Release|Any CPU
	EndGlobalSection
	GlobalSection(ProjectConfigurationPlatforms) = postSolution
		{82959DD8-3043-4555-88CD-803669510415}.Debug|Any CPU.ActiveCfg = Debug|Any CPU
		{82959DD8-3043-4555-88CD-803669510415}.Debug|Any CPU.Build.0 = Debug|Any CPU
		{82959DD8-3043-4555-88CD-803669510415}.Release|Any CPU.ActiveCfg = Release|Any CPU
		{82959DD8-3043-4555-88CD-803669510415}.Release|Any CPU.Build.0 = Release|Any CPU
	EndGlobalSection
	GlobalSection(SolutionProperties) = preSolution
		HideSolutionNode = FALSE
	EndGlobalSection
	GlobalSection(ExtensibilityGlobals) = postSolution
		SolutionGuid = {09316362-0377-4BED-ADBC-9014A4BA6E9F}
	EndGlobalSection
EndGlobal
